{
    "name": "gpii-iod",
    "version": "0.3.0",
    "lockfileVersion": 1,
    "requires": true,
    "dependencies": {
        "JSV": {
            "version": "4.0.2",
            "resolved": "https://registry.npmjs.org/JSV/-/JSV-4.0.2.tgz",
            "integrity": "sha1-0Hf2glVx+CEy+d/67Vh7QCn+/1c="
        },
        "accepts": {
            "version": "1.3.7",
            "resolved": "https://registry.npmjs.org/accepts/-/accepts-1.3.7.tgz",
            "integrity": "sha512-Il80Qs2WjYlJIBNzNkK6KYqlVMTbZLXgHx2oT0pU/fjRHyEp+PEfEPY0R3WCwAGVOtauxh1hOxNgIf5bv7dQpA==",
            "requires": {
                "mime-types": "~2.1.24",
                "negotiator": "0.6.2"
            }
        },
        "ansi-styles": {
            "version": "1.0.0",
            "resolved": "https://registry.npmjs.org/ansi-styles/-/ansi-styles-1.0.0.tgz",
            "integrity": "sha1-yxAt8cVvUSPquLZ817mAJ6AnkXg="
        },
        "array-flatten": {
            "version": "1.1.1",
            "resolved": "https://registry.npmjs.org/array-flatten/-/array-flatten-1.1.1.tgz",
            "integrity": "sha1-ml9pkFGx5wczKPKgCJaLZOopVdI="
        },
        "async-limiter": {
            "version": "1.0.1",
            "resolved": "https://registry.npmjs.org/async-limiter/-/async-limiter-1.0.1.tgz",
            "integrity": "sha512-csOlWGAcRFJaI6m+F2WKdnMKr4HhdhFVBk0H/QbJFMCr+uO2kwohwXQPxw/9OCxp05r5ghVBFSyioixx3gfkNQ=="
        },
        "better-sqlite3": {
            "version": "5.4.3",
            "resolved": "https://registry.npmjs.org/better-sqlite3/-/better-sqlite3-5.4.3.tgz",
            "integrity": "sha512-fPp+8f363qQIhuhLyjI4bu657J/FfMtgiiHKfaTsj3RWDkHlWC1yT7c6kHZDnBxzQVoAINuzg553qKmZ4F1rEw==",
            "requires": {
                "integer": "^2.1.0",
                "tar": "^4.4.10"
            }
        },
        "body-parser": {
            "version": "1.18.2",
            "resolved": "https://registry.npmjs.org/body-parser/-/body-parser-1.18.2.tgz",
            "integrity": "sha1-h2eKGdhLR9hZuDGZvVm84iKxBFQ=",
            "requires": {
                "bytes": "3.0.0",
                "content-type": "~1.0.4",
                "debug": "2.6.9",
                "depd": "~1.1.1",
                "http-errors": "~1.6.2",
                "iconv-lite": "0.4.19",
                "on-finished": "~2.3.0",
                "qs": "6.5.1",
                "raw-body": "2.3.2",
                "type-is": "~1.6.15"
            }
        },
        "bytes": {
            "version": "3.0.0",
            "resolved": "https://registry.npmjs.org/bytes/-/bytes-3.0.0.tgz",
            "integrity": "sha1-0ygVQE1olpn4Wk6k+odV3ROpYEg="
        },
        "chalk": {
            "version": "0.4.0",
            "resolved": "https://registry.npmjs.org/chalk/-/chalk-0.4.0.tgz",
            "integrity": "sha1-UZmj3c0MHv4jvAjBsCewYXbgxk8=",
            "requires": {
                "ansi-styles": "~1.0.0",
                "has-color": "~0.1.0",
                "strip-ansi": "~0.1.0"
            }
        },
        "chownr": {
            "version": "1.1.2",
            "resolved": "https://registry.npmjs.org/chownr/-/chownr-1.1.2.tgz",
            "integrity": "sha512-GkfeAQh+QNy3wquu9oIZr6SS5x7wGdSgNQvD10X3r+AZr1Oys22HW8kAmDMvNg2+Dm0TeGaEuO8gFwdBXxwO8A=="
        },
        "content-disposition": {
            "version": "0.5.2",
            "resolved": "https://registry.npmjs.org/content-disposition/-/content-disposition-0.5.2.tgz",
            "integrity": "sha1-DPaLud318r55YcOoUXjLhdunjLQ="
        },
        "content-type": {
            "version": "1.0.4",
            "resolved": "https://registry.npmjs.org/content-type/-/content-type-1.0.4.tgz",
            "integrity": "sha512-hIP3EEPs8tB9AT1L+NUqtwOAps4mk2Zob89MWXMHjHWg9milF/j4osnnQLXBCBFBk/tvIG/tUc9mOUJiPBhPXA=="
        },
        "cookie": {
            "version": "0.3.1",
            "resolved": "https://registry.npmjs.org/cookie/-/cookie-0.3.1.tgz",
            "integrity": "sha1-5+Ch+e9DtMi6klxcWpboBtFoc7s="
        },
        "cookie-parser": {
            "version": "1.4.3",
            "resolved": "https://registry.npmjs.org/cookie-parser/-/cookie-parser-1.4.3.tgz",
            "integrity": "sha1-D+MfoZ0AC5X0qt8fU/3CuKIDuqU=",
            "requires": {
                "cookie": "0.3.1",
                "cookie-signature": "1.0.6"
            }
        },
        "cookie-signature": {
            "version": "1.0.6",
            "resolved": "https://registry.npmjs.org/cookie-signature/-/cookie-signature-1.0.6.tgz",
            "integrity": "sha1-4wOogrNCzD7oylE6eZmXNNqzriw="
        },
        "crc": {
            "version": "3.4.4",
            "resolved": "https://registry.npmjs.org/crc/-/crc-3.4.4.tgz",
            "integrity": "sha1-naHpgOO9RPxck79as9ozeNheRms="
        },
        "debug": {
            "version": "2.6.9",
            "resolved": "https://registry.npmjs.org/debug/-/debug-2.6.9.tgz",
            "integrity": "sha512-bC7ElrdJaJnPbAP+1EotYvqZsb3ecl5wi6Bfi6BJTUcNowp6cvspg0jXznRTKDjm/E7AdgFBVeAPVMNcKGsHMA==",
            "requires": {
                "ms": "2.0.0"
            }
        },
        "depd": {
            "version": "1.1.2",
            "resolved": "https://registry.npmjs.org/depd/-/depd-1.1.2.tgz",
            "integrity": "sha1-m81S4UwJd2PnSbJ0xDRu0uVgtak="
        },
        "destroy": {
            "version": "1.0.4",
            "resolved": "https://registry.npmjs.org/destroy/-/destroy-1.0.4.tgz",
            "integrity": "sha1-l4hXRCxEdJ5CBmE+N5RiBYJqvYA="
        },
        "ee-first": {
            "version": "1.1.1",
            "resolved": "https://registry.npmjs.org/ee-first/-/ee-first-1.1.1.tgz",
            "integrity": "sha1-WQxhFWsK4vTwJVcyoViyZrxWsh0="
        },
        "encodeurl": {
            "version": "1.0.2",
            "resolved": "https://registry.npmjs.org/encodeurl/-/encodeurl-1.0.2.tgz",
            "integrity": "sha1-rT/0yG7C0CkyL1oCw6mmBslbP1k="
        },
        "escape-html": {
            "version": "1.0.3",
            "resolved": "https://registry.npmjs.org/escape-html/-/escape-html-1.0.3.tgz",
            "integrity": "sha1-Aljq5NPQwJdN4cFpGI7wBR0dGYg="
        },
        "etag": {
            "version": "1.8.1",
            "resolved": "https://registry.npmjs.org/etag/-/etag-1.8.1.tgz",
            "integrity": "sha1-Qa4u62XvpiJorr/qg6x9eSmbCIc="
        },
        "express": {
            "version": "4.16.2",
            "resolved": "https://registry.npmjs.org/express/-/express-4.16.2.tgz",
            "integrity": "sha1-41xt/i1kt9ygpc1PIXgb4ymeB2w=",
            "requires": {
                "accepts": "~1.3.4",
                "array-flatten": "1.1.1",
                "body-parser": "1.18.2",
                "content-disposition": "0.5.2",
                "content-type": "~1.0.4",
                "cookie": "0.3.1",
                "cookie-signature": "1.0.6",
                "debug": "2.6.9",
                "depd": "~1.1.1",
                "encodeurl": "~1.0.1",
                "escape-html": "~1.0.3",
                "etag": "~1.8.1",
                "finalhandler": "1.1.0",
                "fresh": "0.5.2",
                "merge-descriptors": "1.0.1",
                "methods": "~1.1.2",
                "on-finished": "~2.3.0",
                "parseurl": "~1.3.2",
                "path-to-regexp": "0.1.7",
                "proxy-addr": "~2.0.2",
                "qs": "6.5.1",
                "range-parser": "~1.2.0",
                "safe-buffer": "5.1.1",
                "send": "0.16.1",
                "serve-static": "1.13.1",
                "setprototypeof": "1.1.0",
                "statuses": "~1.3.1",
                "type-is": "~1.6.15",
                "utils-merge": "1.0.1",
                "vary": "~1.1.2"
            },
            "dependencies": {
                "path-to-regexp": {
                    "version": "0.1.7",
                    "resolved": "https://registry.npmjs.org/path-to-regexp/-/path-to-regexp-0.1.7.tgz",
                    "integrity": "sha1-32BBeABfUi8V60SQ5yR6G/qmf4w="
                },
                "statuses": {
                    "version": "1.3.1",
                    "resolved": "https://registry.npmjs.org/statuses/-/statuses-1.3.1.tgz",
                    "integrity": "sha1-+vUbnrdKrvOzrPStX2Gr8ky3uT4="
                }
            }
        },
        "express-session": {
            "version": "1.15.6",
            "resolved": "https://registry.npmjs.org/express-session/-/express-session-1.15.6.tgz",
            "integrity": "sha512-r0nrHTCYtAMrFwZ0kBzZEXa1vtPVrw0dKvGSrKP4dahwBQ1BJpF2/y1Pp4sCD/0kvxV4zZeclyvfmw0B4RMJQA==",
            "requires": {
                "cookie": "0.3.1",
                "cookie-signature": "1.0.6",
                "crc": "3.4.4",
                "debug": "2.6.9",
                "depd": "~1.1.1",
                "on-headers": "~1.0.1",
                "parseurl": "~1.3.2",
                "uid-safe": "~2.1.5",
                "utils-merge": "1.0.1"
            }
        },
        "finalhandler": {
            "version": "1.1.0",
            "resolved": "https://registry.npmjs.org/finalhandler/-/finalhandler-1.1.0.tgz",
            "integrity": "sha1-zgtoVbRYU+eRsvzGgARtiCU91/U=",
            "requires": {
                "debug": "2.6.9",
                "encodeurl": "~1.0.1",
                "escape-html": "~1.0.3",
                "on-finished": "~2.3.0",
                "parseurl": "~1.3.2",
                "statuses": "~1.3.1",
                "unpipe": "~1.0.0"
            },
            "dependencies": {
                "statuses": {
                    "version": "1.3.1",
                    "resolved": "https://registry.npmjs.org/statuses/-/statuses-1.3.1.tgz",
                    "integrity": "sha1-+vUbnrdKrvOzrPStX2Gr8ky3uT4="
                }
            }
        },
        "fluid-resolve": {
            "version": "1.3.0",
            "resolved": "https://registry.npmjs.org/fluid-resolve/-/fluid-resolve-1.3.0.tgz",
            "integrity": "sha1-ODAp6xphlpgCvYVoTI4obm0sDf0="
        },
        "forwarded": {
            "version": "0.1.2",
            "resolved": "https://registry.npmjs.org/forwarded/-/forwarded-0.1.2.tgz",
            "integrity": "sha1-mMI9qxF1ZXuMBXPozszZGw/xjIQ="
        },
        "fresh": {
            "version": "0.5.2",
            "resolved": "https://registry.npmjs.org/fresh/-/fresh-0.5.2.tgz",
            "integrity": "sha1-PYyt2Q2XZWn6g1qx+OSyOhBWBac="
        },
        "fs-minipass": {
            "version": "1.2.7",
            "resolved": "https://registry.npmjs.org/fs-minipass/-/fs-minipass-1.2.7.tgz",
            "integrity": "sha512-GWSSJGFy4e9GUeCcbIkED+bgAoFyj7XF1mV8rma3QW4NIqX9Kyx79N/PF61H5udOV3aY1IaMLs6pGbH71nlCTA==",
            "requires": {
                "minipass": "^2.6.0"
            }
        },
        "has-color": {
            "version": "0.1.7",
            "resolved": "https://registry.npmjs.org/has-color/-/has-color-0.1.7.tgz",
            "integrity": "sha1-ZxRKUmDDT8PMpnfQQdr1L+e3iy8="
        },
        "http-errors": {
            "version": "1.6.3",
            "resolved": "https://registry.npmjs.org/http-errors/-/http-errors-1.6.3.tgz",
            "integrity": "sha1-i1VoC7S+KDoLW/TqLjhYC+HZMg0=",
            "requires": {
                "depd": "~1.1.2",
                "inherits": "2.0.3",
                "setprototypeof": "1.1.0",
                "statuses": ">= 1.4.0 < 2"
            }
        },
        "iconv-lite": {
            "version": "0.4.19",
            "resolved": "https://registry.npmjs.org/iconv-lite/-/iconv-lite-0.4.19.tgz",
            "integrity": "sha512-oTZqweIP51xaGPI4uPa56/Pri/480R+mo7SeU+YETByQNhDG55ycFyNLIgta9vXhILrxXDmF7ZGhqZIcuN0gJQ=="
        },
        "infusion": {
            "version": "3.0.0-dev.20180222T160835Z.6e1311a",
            "resolved": "https://registry.npmjs.org/infusion/-/infusion-3.0.0-dev.20180222T160835Z.6e1311a.tgz",
            "integrity": "sha512-k6TIR8mTns3p35Q5knx+HZZpr3748S7nMiZqkAb4zg+xR1c2vRYSMegi5wWeYuBLe14AP0yTmamYu9eQsnCBDw==",
            "requires": {
                "fluid-resolve": "1.3.0"
            }
        },
        "inherits": {
            "version": "2.0.3",
            "resolved": "https://registry.npmjs.org/inherits/-/inherits-2.0.3.tgz",
            "integrity": "sha1-Yzwsg+PaQqUC9SRmAiSA9CCCYd4="
        },
        "integer": {
            "version": "2.1.0",
            "resolved": "https://registry.npmjs.org/integer/-/integer-2.1.0.tgz",
            "integrity": "sha512-vBtiSgrEiNocWvvZX1RVfeOKa2mCHLZQ2p9nkQkQZ/BvEiY+6CcUz0eyjvIiewjJoeNidzg2I+tpPJvpyspL1w=="
        },
        "ipaddr.js": {
            "version": "1.9.0",
            "resolved": "https://registry.npmjs.org/ipaddr.js/-/ipaddr.js-1.9.0.tgz",
            "integrity": "sha512-M4Sjn6N/+O6/IXSJseKqHoFc+5FdGJ22sXqnjTpdZweHK64MzEPAyQZyEU3R/KRv2GLoa7nNtg/C2Ev6m7z+eA=="
        },
        "isarray": {
            "version": "0.0.1",
            "resolved": "https://registry.npmjs.org/isarray/-/isarray-0.0.1.tgz",
            "integrity": "sha1-ihis/Kmo9Bd+Cav8YDiTmwXR7t8="
        },
        "json5": {
            "version": "0.5.1",
            "resolved": "https://registry.npmjs.org/json5/-/json5-0.5.1.tgz",
            "integrity": "sha1-Hq3nrMASA0rYTiOWdn6tn6VJWCE="
        },
        "jsonlint": {
            "version": "1.6.2",
            "resolved": "https://registry.npmjs.org/jsonlint/-/jsonlint-1.6.2.tgz",
            "integrity": "sha1-VzcEUIX1XrRVxosf9OvAG9UOiDA=",
            "requires": {
                "JSV": ">= 4.0.x",
                "nomnom": ">= 1.5.x"
            }
        },
        "kettle": {
            "version": "1.7.1",
            "resolved": "https://registry.npmjs.org/kettle/-/kettle-1.7.1.tgz",
            "integrity": "sha1-T0UJs9ymqjufG99tTucI/+C9P74=",
            "requires": {
                "body-parser": "1.18.2",
                "cookie-parser": "1.4.3",
                "express": "4.16.2",
                "express-session": "1.15.6",
                "fluid-resolve": "1.3.0",
                "infusion": "3.0.0-dev.20171117T095227Z.67ff934",
                "json5": "0.5.1",
                "jsonlint": "1.6.2",
                "path-to-regexp": "1.7.0",
                "serve-static": "1.13.1",
                "ws": "3.3.1"
            },
            "dependencies": {
                "infusion": {
                    "version": "3.0.0-dev.20171117T095227Z.67ff934",
                    "resolved": "https://registry.npmjs.org/infusion/-/infusion-3.0.0-dev.20171117T095227Z.67ff934.tgz",
                    "integrity": "sha1-0Ng2s0OqbbiMDez+rnHmJ11BQg4=",
                    "requires": {
                        "fluid-resolve": "1.3.0"
                    }
                }
            }
        },
        "media-typer": {
            "version": "0.3.0",
            "resolved": "https://registry.npmjs.org/media-typer/-/media-typer-0.3.0.tgz",
            "integrity": "sha1-hxDXrwqmJvj/+hzgAWhUUmMlV0g="
        },
        "merge-descriptors": {
            "version": "1.0.1",
            "resolved": "https://registry.npmjs.org/merge-descriptors/-/merge-descriptors-1.0.1.tgz",
            "integrity": "sha1-sAqqVW3YtEVoFQ7J0blT8/kMu2E="
        },
        "methods": {
            "version": "1.1.2",
            "resolved": "https://registry.npmjs.org/methods/-/methods-1.1.2.tgz",
            "integrity": "sha1-VSmk1nZUE07cxSZmVoNbD4Ua/O4="
        },
        "mime": {
            "version": "1.4.1",
            "resolved": "https://registry.npmjs.org/mime/-/mime-1.4.1.tgz",
            "integrity": "sha512-KI1+qOZu5DcW6wayYHSzR/tXKCDC5Om4s1z2QJjDULzLcmf3DvzS7oluY4HCTrc+9FiKmWUgeNLg7W3uIQvxtQ=="
        },
        "mime-db": {
            "version": "1.40.0",
            "resolved": "https://registry.npmjs.org/mime-db/-/mime-db-1.40.0.tgz",
            "integrity": "sha512-jYdeOMPy9vnxEqFRRo6ZvTZ8d9oPb+k18PKoYNYUe2stVEBPPwsln/qWzdbmaIvnhZ9v2P+CuecK+fpUfsV2mA=="
        },
        "mime-types": {
            "version": "2.1.24",
            "resolved": "https://registry.npmjs.org/mime-types/-/mime-types-2.1.24.tgz",
            "integrity": "sha512-WaFHS3MCl5fapm3oLxU4eYDw77IQM2ACcxQ9RIxfaC3ooc6PFuBMGZZsYpvoXS5D5QTWPieo1jjLdAm3TBP3cQ==",
            "requires": {
                "mime-db": "1.40.0"
            }
        },
        "minimist": {
            "version": "0.0.8",
            "resolved": "https://registry.npmjs.org/minimist/-/minimist-0.0.8.tgz",
            "integrity": "sha1-hX/Kv8M5fSYluCKCYuhqp6ARsF0="
        },
        "minipass": {
            "version": "2.8.5",
            "resolved": "https://registry.npmjs.org/minipass/-/minipass-2.8.5.tgz",
            "integrity": "sha512-D5+szmZBoOAfbLjOXY4Ve5bWylyTdrUOmbJPgYmgTF5ovCnCFFTY+I16Ccm/UjSNNAekXtIEDvoCDioFzRz18Q==",
            "requires": {
                "safe-buffer": "^5.1.2",
                "yallist": "^3.0.0"
            },
            "dependencies": {
                "safe-buffer": {
                    "version": "5.2.0",
                    "resolved": "https://registry.npmjs.org/safe-buffer/-/safe-buffer-5.2.0.tgz",
                    "integrity": "sha512-fZEwUGbVl7kouZs1jCdMLdt95hdIv0ZeHg6L7qPeciMZhZ+/gdesW4wgTARkrFWEpspjEATAzUGPG8N2jJiwbg=="
                }
            }
        },
        "minizlib": {
            "version": "1.2.2",
            "resolved": "https://registry.npmjs.org/minizlib/-/minizlib-1.2.2.tgz",
            "integrity": "sha512-hR3At21uSrsjjDTWrbu0IMLTpnkpv8IIMFDFaoz43Tmu4LkmAXfH44vNNzpTnf+OAQQCHrb91y/wc2J4x5XgSQ==",
            "requires": {
                "minipass": "^2.2.1"
            }
        },
        "mkdirp": {
            "version": "0.5.1",
            "resolved": "https://registry.npmjs.org/mkdirp/-/mkdirp-0.5.1.tgz",
            "integrity": "sha1-MAV0OOrGz3+MR2fzhkjWaX11yQM=",
            "requires": {
                "minimist": "0.0.8"
            }
        },
        "ms": {
            "version": "2.0.0",
            "resolved": "https://registry.npmjs.org/ms/-/ms-2.0.0.tgz",
            "integrity": "sha1-VgiurfwAvmwpAd9fmGF4jeDVl8g="
        },
        "negotiator": {
            "version": "0.6.2",
            "resolved": "https://registry.npmjs.org/negotiator/-/negotiator-0.6.2.tgz",
            "integrity": "sha512-hZXc7K2e+PgeI1eDBe/10Ard4ekbfrrqG8Ep+8Jmf4JID2bNg7NvCPOZN+kfF574pFQI7mum2AUqDidoKqcTOw=="
        },
        "node-jqunit": {
            "version": "1.1.8",
            "resolved": "https://registry.npmjs.org/node-jqunit/-/node-jqunit-1.1.8.tgz",
            "integrity": "sha1-Wq1LJ5hHVMoPZ1AmNPEwAt6+GNM=",
            "dev": true,
            "requires": {
                "infusion": "3.0.0-dev.20171117T095227Z.67ff934"
            },
            "dependencies": {
                "infusion": {
                    "version": "3.0.0-dev.20171117T095227Z.67ff934",
                    "resolved": "https://registry.npmjs.org/infusion/-/infusion-3.0.0-dev.20171117T095227Z.67ff934.tgz",
                    "integrity": "sha1-0Ng2s0OqbbiMDez+rnHmJ11BQg4=",
                    "dev": true,
                    "requires": {
                        "fluid-resolve": "1.3.0"
                    }
                }
            }
        },
        "nomnom": {
            "version": "1.8.1",
            "resolved": "https://registry.npmjs.org/nomnom/-/nomnom-1.8.1.tgz",
            "integrity": "sha1-IVH3Ikcrp55Qp2/BJbuMjy5Nwqc=",
            "requires": {
                "chalk": "~0.4.0",
                "underscore": "~1.6.0"
            }
        },
        "on-finished": {
            "version": "2.3.0",
            "resolved": "https://registry.npmjs.org/on-finished/-/on-finished-2.3.0.tgz",
            "integrity": "sha1-IPEzZIGwg811M3mSoWlxqi2QaUc=",
            "requires": {
                "ee-first": "1.1.1"
            }
        },
        "on-headers": {
            "version": "1.0.2",
            "resolved": "https://registry.npmjs.org/on-headers/-/on-headers-1.0.2.tgz",
            "integrity": "sha512-pZAE+FJLoyITytdqK0U5s+FIpjN0JP3OzFi/u8Rx+EV5/W+JTWGXG8xFzevE7AjBfDqHv/8vL8qQsIhHnqRkrA=="
        },
        "parseurl": {
            "version": "1.3.3",
            "resolved": "https://registry.npmjs.org/parseurl/-/parseurl-1.3.3.tgz",
            "integrity": "sha512-CiyeOxFT/JZyN5m0z9PfXw4SCBJ6Sygz1Dpl0wqjlhDEGGBP1GnsUVEL0p63hoG1fcj3fHynXi9NYO4nWOL+qQ=="
        },
        "path-to-regexp": {
            "version": "1.7.0",
            "resolved": "https://registry.npmjs.org/path-to-regexp/-/path-to-regexp-1.7.0.tgz",
            "integrity": "sha1-Wf3g9DW62suhA6hOnTvGTpa5k30=",
            "requires": {
                "isarray": "0.0.1"
            }
        },
        "proxy-addr": {
            "version": "2.0.5",
            "resolved": "https://registry.npmjs.org/proxy-addr/-/proxy-addr-2.0.5.tgz",
            "integrity": "sha512-t/7RxHXPH6cJtP0pRG6smSr9QJidhB+3kXu0KgXnbGYMgzEnUxRQ4/LDdfOwZEMyIh3/xHb8PX3t+lfL9z+YVQ==",
            "requires": {
                "forwarded": "~0.1.2",
                "ipaddr.js": "1.9.0"
            }
        },
        "qs": {
            "version": "6.5.1",
            "resolved": "https://registry.npmjs.org/qs/-/qs-6.5.1.tgz",
            "integrity": "sha512-eRzhrN1WSINYCDCbrz796z37LOe3m5tmW7RQf6oBntukAG1nmovJvhnwHHRMAfeoItc1m2Hk02WER2aQ/iqs+A=="
        },
        "random-bytes": {
            "version": "1.0.0",
            "resolved": "https://registry.npmjs.org/random-bytes/-/random-bytes-1.0.0.tgz",
            "integrity": "sha1-T2ih3Arli9P7lYSMMDJNt11kNgs="
        },
        "range-parser": {
            "version": "1.2.1",
            "resolved": "https://registry.npmjs.org/range-parser/-/range-parser-1.2.1.tgz",
            "integrity": "sha512-Hrgsx+orqoygnmhFbKaHE6c296J+HTAQXoxEF6gNupROmmGJRoyzfG3ccAveqCBrwr/2yxQ5BVd/GTl5agOwSg=="
        },
        "raw-body": {
            "version": "2.3.2",
            "resolved": "https://registry.npmjs.org/raw-body/-/raw-body-2.3.2.tgz",
            "integrity": "sha1-vNYMd9Prk83gBQKVw/N5OJvIj4k=",
            "requires": {
                "bytes": "3.0.0",
                "http-errors": "1.6.2",
                "iconv-lite": "0.4.19",
                "unpipe": "1.0.0"
            },
            "dependencies": {
                "depd": {
                    "version": "1.1.1",
                    "resolved": "https://registry.npmjs.org/depd/-/depd-1.1.1.tgz",
                    "integrity": "sha1-V4O04cRZ8G+lyif5kfPQbnoxA1k="
                },
                "http-errors": {
                    "version": "1.6.2",
                    "resolved": "https://registry.npmjs.org/http-errors/-/http-errors-1.6.2.tgz",
                    "integrity": "sha1-CgAsyFcHGSp+eUbO7cERVfYOxzY=",
                    "requires": {
                        "depd": "1.1.1",
                        "inherits": "2.0.3",
                        "setprototypeof": "1.0.3",
                        "statuses": ">= 1.3.1 < 2"
                    }
                },
                "setprototypeof": {
                    "version": "1.0.3",
                    "resolved": "https://registry.npmjs.org/setprototypeof/-/setprototypeof-1.0.3.tgz",
                    "integrity": "sha1-ZlZ+NwQ+608E2RvWWMDL77VbjgQ="
                }
            }
        },
        "safe-buffer": {
            "version": "5.1.1",
            "resolved": "https://registry.npmjs.org/safe-buffer/-/safe-buffer-5.1.1.tgz",
            "integrity": "sha512-kKvNJn6Mm93gAczWVJg7wH+wGYWNrDHdWvpUmHyEsgCtIwwo3bqPtV4tR5tuPaUhTOo/kvhVwd8XwwOllGYkbg=="
        },
        "send": {
            "version": "0.16.1",
            "resolved": "https://registry.npmjs.org/send/-/send-0.16.1.tgz",
            "integrity": "sha512-ElCLJdJIKPk6ux/Hocwhk7NFHpI3pVm/IZOYWqUmoxcgeyM+MpxHHKhb8QmlJDX1pU6WrgaHBkVNm73Sv7uc2A==",
            "requires": {
                "debug": "2.6.9",
                "depd": "~1.1.1",
                "destroy": "~1.0.4",
                "encodeurl": "~1.0.1",
                "escape-html": "~1.0.3",
                "etag": "~1.8.1",
                "fresh": "0.5.2",
                "http-errors": "~1.6.2",
                "mime": "1.4.1",
                "ms": "2.0.0",
                "on-finished": "~2.3.0",
                "range-parser": "~1.2.0",
                "statuses": "~1.3.1"
            },
            "dependencies": {
                "statuses": {
                    "version": "1.3.1",
                    "resolved": "https://registry.npmjs.org/statuses/-/statuses-1.3.1.tgz",
                    "integrity": "sha1-+vUbnrdKrvOzrPStX2Gr8ky3uT4="
                }
            }
        },
        "serve-static": {
            "version": "1.13.1",
            "resolved": "https://registry.npmjs.org/serve-static/-/serve-static-1.13.1.tgz",
            "integrity": "sha512-hSMUZrsPa/I09VYFJwa627JJkNs0NrfL1Uzuup+GqHfToR2KcsXFymXSV90hoyw3M+msjFuQly+YzIH/q0MGlQ==",
            "requires": {
                "encodeurl": "~1.0.1",
                "escape-html": "~1.0.3",
                "parseurl": "~1.3.2",
                "send": "0.16.1"
            }
        },
        "setprototypeof": {
            "version": "1.1.0",
            "resolved": "https://registry.npmjs.org/setprototypeof/-/setprototypeof-1.1.0.tgz",
            "integrity": "sha512-BvE/TwpZX4FXExxOxZyRGQQv651MSwmWKZGqvmPcRIjDqWub67kTKuIMx43cZZrS/cBBzwBcNDWoFxt2XEFIpQ=="
        },
        "statuses": {
            "version": "1.5.0",
            "resolved": "https://registry.npmjs.org/statuses/-/statuses-1.5.0.tgz",
            "integrity": "sha1-Fhx9rBd2Wf2YEfQ3cfqZOBR4Yow="
        },
        "strip-ansi": {
            "version": "0.1.1",
            "resolved": "https://registry.npmjs.org/strip-ansi/-/strip-ansi-0.1.1.tgz",
            "integrity": "sha1-OeipjQRNFQZgq+SmgIrPcLt7yZE="
        },
        "tar": {
            "version": "4.4.11",
            "resolved": "https://registry.npmjs.org/tar/-/tar-4.4.11.tgz",
            "integrity": "sha512-iI4zh3ktLJKaDNZKZc+fUONiQrSn9HkCFzamtb7k8FFmVilHVob7QsLX/VySAW8lAviMzMbFw4QtFb4errwgYA==",
            "requires": {
                "chownr": "^1.1.1",
                "fs-minipass": "^1.2.5",
                "minipass": "^2.6.4",
                "minizlib": "^1.2.1",
                "mkdirp": "^0.5.0",
                "safe-buffer": "^5.1.2",
                "yallist": "^3.0.3"
            },
            "dependencies": {
                "safe-buffer": {
                    "version": "5.2.0",
                    "resolved": "https://registry.npmjs.org/safe-buffer/-/safe-buffer-5.2.0.tgz",
                    "integrity": "sha512-fZEwUGbVl7kouZs1jCdMLdt95hdIv0ZeHg6L7qPeciMZhZ+/gdesW4wgTARkrFWEpspjEATAzUGPG8N2jJiwbg=="
                }
            }
        },
        "type-is": {
            "version": "1.6.18",
            "resolved": "https://registry.npmjs.org/type-is/-/type-is-1.6.18.tgz",
            "integrity": "sha512-TkRKr9sUTxEH8MdfuCSP7VizJyzRNMjj2J2do2Jr3Kym598JVdEksuzPQCnlFPW4ky9Q+iA+ma9BGm06XQBy8g==",
            "requires": {
                "media-typer": "0.3.0",
                "mime-types": "~2.1.24"
            }
        },
        "uid-safe": {
            "version": "2.1.5",
            "resolved": "https://registry.npmjs.org/uid-safe/-/uid-safe-2.1.5.tgz",
            "integrity": "sha512-KPHm4VL5dDXKz01UuEd88Df+KzynaohSL9fBh096KWAxSKZQDI2uBrVqtvRM4rwrIrRRKsdLNML/lnaaVSRioA==",
            "requires": {
                "random-bytes": "~1.0.0"
            }
        },
        "ultron": {
            "version": "1.1.1",
            "resolved": "https://registry.npmjs.org/ultron/-/ultron-1.1.1.tgz",
            "integrity": "sha512-UIEXBNeYmKptWH6z8ZnqTeS8fV74zG0/eRU9VGkpzz+LIJNs8W/zM/L+7ctCkRrgbNnnR0xxw4bKOr0cW0N0Og=="
        },
        "underscore": {
            "version": "1.6.0",
            "resolved": "https://registry.npmjs.org/underscore/-/underscore-1.6.0.tgz",
            "integrity": "sha1-izixDKze9jM3uLJOT/htRa6lKag="
        },
        "unpipe": {
            "version": "1.0.0",
            "resolved": "https://registry.npmjs.org/unpipe/-/unpipe-1.0.0.tgz",
            "integrity": "sha1-sr9O6FFKrmFltIF4KdIbLvSZBOw="
        },
        "utils-merge": {
            "version": "1.0.1",
            "resolved": "https://registry.npmjs.org/utils-merge/-/utils-merge-1.0.1.tgz",
            "integrity": "sha1-n5VxD1CiZ5R7LMwSR0HBAoQn5xM="
        },
        "vary": {
            "version": "1.1.2",
            "resolved": "https://registry.npmjs.org/vary/-/vary-1.1.2.tgz",
            "integrity": "sha1-IpnwLG3tMNSllhsLn3RSShj2NPw="
        },
        "ws": {
            "version": "3.3.1",
            "resolved": "https://registry.npmjs.org/ws/-/ws-3.3.1.tgz",
            "integrity": "sha512-8A/uRMnQy8KCQsmep1m7Bk+z/+LIkeF7w+TDMLtX1iZm5Hq9HsUDmgFGaW1ACW5Cj0b2Qo7wCvRhYN2ErUVp/A==",
            "requires": {
                "async-limiter": "~1.0.0",
                "safe-buffer": "~5.1.0",
                "ultron": "~1.1.0"
            }
        },
        "yallist": {
            "version": "3.0.3",
            "resolved": "https://registry.npmjs.org/yallist/-/yallist-3.0.3.tgz",
            "integrity": "sha512-S+Zk8DEWE6oKpV+vI3qWkaK+jSbIK86pCwe2IF/xwIpQ8jEuxpw9NyaGjmp9+BoJv5FV2piqCDcoCtStppiq2A=="
        }
    }
}
